
Microsoft Visual Studio Solution File, Format Version 12.00
# Visual Studio Version 16
VisualStudioVersion = 16.0.30011.22
MinimumVisualStudioVersion = 10.0.40219.1
Project("{8BC9CEB8-8B4A-11D0-8D11-00A0C91BC942}") = "interview3", "interview3.vcxproj", "{D8A53779-ECFD-4997-997E-A58E8C43685D}"
EndProject
Global
	GlobalSection(SolutionConfigurationPlatforms) = preSolution
		Debug|x64 = Debug|x64
		Debug|x86 = Debug|x86
		Release|x64 = Release|x64
		Release|x86 = Release|x86
	EndGlobalSection
	GlobalSection(ProjectConfigurationPlatforms) = postSolution
		{D8A53779-ECFD-4997-997E-A58E8C43685D}.Debug|x64.ActiveCfg = Debug|x64
		{D8A53779-ECFD-4997-997E-A58E8C43685D}.Debug|x64.Build.0 = Debug|x64
		{D8A53779-ECFD-4997-997E-A58E8C43685D}.Debug|x86.ActiveCfg = Debug|Win32
		{D8A53779-ECFD-4997-997E-A58E8C43685D}.Debug|x86.Build.0 = Debug|Win32
		{D8A53779-ECFD-4997-997E-A58E8C43685D}.Release|x64.ActiveCfg = Release|x64
		{D8A53779-ECFD-4997-997E-A58E8C43685D}.Release|x64.Build.0 = Release|x64
		{D8A53779-ECFD-4997-997E-A58E8C43685D}.Release|x86.ActiveCfg = Release|Win32
		{D8A53779-ECFD-4997-997E-A58E8C43685D}.Release|x86.Build.0 = Release|Win32
	EndGlobalSection
	GlobalSection(SolutionProperties) = preSolution
		HideSolutionNode = FALSE
	EndGlobalSection
	GlobalSection(ExtensibilityGlobals) = postSolution
		SolutionGuid = {078B45C5-74C4-49A4-800E-81C3A32B7454}
	EndGlobalSection
EndGlobal
