
Microsoft Visual Studio Solution File, Format Version 12.00
# Visual Studio Version 16
VisualStudioVersion = 16.0.30011.22
MinimumVisualStudioVersion = 10.0.40219.1
Project("{8BC9CEB8-8B4A-11D0-8D11-00A0C91BC942}") = "qua1", "qua1.vcxproj", "{E1EE3ED6-AAD7-49BB-A0EC-C8C0D9215FDF}"
EndProject
Global
	GlobalSection(SolutionConfigurationPlatforms) = preSolution
		Debug|x64 = Debug|x64
		Debug|x86 = Debug|x86
		Release|x64 = Release|x64
		Release|x86 = Release|x86
	EndGlobalSection
	GlobalSection(ProjectConfigurationPlatforms) = postSolution
		{E1EE3ED6-AAD7-49BB-A0EC-C8C0D9215FDF}.Debug|x64.ActiveCfg = Debug|x64
		{E1EE3ED6-AAD7-49BB-A0EC-C8C0D9215FDF}.Debug|x64.Build.0 = Debug|x64
		{E1EE3ED6-AAD7-49BB-A0EC-C8C0D9215FDF}.Debug|x86.ActiveCfg = Debug|Win32
		{E1EE3ED6-AAD7-49BB-A0EC-C8C0D9215FDF}.Debug|x86.Build.0 = Debug|Win32
		{E1EE3ED6-AAD7-49BB-A0EC-C8C0D9215FDF}.Release|x64.ActiveCfg = Release|x64
		{E1EE3ED6-AAD7-49BB-A0EC-C8C0D9215FDF}.Release|x64.Build.0 = Release|x64
		{E1EE3ED6-AAD7-49BB-A0EC-C8C0D9215FDF}.Release|x86.ActiveCfg = Release|Win32
		{E1EE3ED6-AAD7-49BB-A0EC-C8C0D9215FDF}.Release|x86.Build.0 = Release|Win32
	EndGlobalSection
	GlobalSection(SolutionProperties) = preSolution
		HideSolutionNode = FALSE
	EndGlobalSection
	GlobalSection(ExtensibilityGlobals) = postSolution
		SolutionGuid = {09E4685A-1030-402B-939E-46488A328E1E}
	EndGlobalSection
EndGlobal
